
Microsoft Visual Studio Solution File, Format Version 12.00
# Visual Studio 14
VisualStudioVersion = 14.0.23107.0
MinimumVisualStudioVersion = 10.0.40219.1
Project("{FAE04EC0-301F-11D3-BF4B-00C04F79EFBC}") = "PSC.Shorturl.Web", "PSC.Shorturl.Web\PSC.Shorturl.Web.csproj", "{E59A149E-C578-481B-A0B3-ABF287160565}"
	ProjectSection(ProjectDependencies) = postProject
		{D6E82EF2-9659-49BA-8D24-1F73438E2A09} = {D6E82EF2-9659-49BA-8D24-1F73438E2A09}
	EndProjectSection
EndProject
Project("{FAE04EC0-301F-11D3-BF4B-00C04F79EFBC}") = "PSC.Shorturl.Web.Business", "PSC.Shorturl.Web.Business\PSC.Shorturl.Web.Business.csproj", "{837EE8E8-936B-41C5-A4FC-2CA3EC0F23DD}"
EndProject
Project("{FAE04EC0-301F-11D3-BF4B-00C04F79EFBC}") = "PSC.Shorturl.Web.Data", "PSC.Shorturl.Web.Data\PSC.Shorturl.Web.Data.csproj", "{6511E0A2-1D3A-4FDD-9B7A-B4EDBC66259F}"
EndProject
Project("{FAE04EC0-301F-11D3-BF4B-00C04F79EFBC}") = "PSC.Shorturl.Web.Entities", "PSC.Shorturl.Web.Entities\PSC.Shorturl.Web.Entities.csproj", "{7B17EF5E-7D1E-4A93-BC75-A5EC36B58B76}"
EndProject
Project("{FAE04EC0-301F-11D3-BF4B-00C04F79EFBC}") = "PSC.Shorturl.Web.Exceptions", "PSC.Shorturl.Web.Exceptions\PSC.Shorturl.Web.Exceptions.csproj", "{D134D44C-1167-41D0-A1F2-CD12A10031ED}"
EndProject
Project("{FAE04EC0-301F-11D3-BF4B-00C04F79EFBC}") = "PSC.Shorturl.Web.Utility", "PSC.Shorturl.Web.Utility\PSC.Shorturl.Web.Utility.csproj", "{EAAF94B9-E920-4D0B-A21D-26537DF21EF7}"
EndProject
Project("{FAE04EC0-301F-11D3-BF4B-00C04F79EFBC}") = "PSC.ExtensionTypes", "PSC.ExtensionTypes\PSC.ExtensionTypes.csproj", "{D6E82EF2-9659-49BA-8D24-1F73438E2A09}"
EndProject
Project("{FAE04EC0-301F-11D3-BF4B-00C04F79EFBC}") = "PSC.Log4net.Async", "PSC.Log4net.Async\PSC.Log4net.Async.csproj", "{3679337D-8935-4203-BDA2-4CD2980B6314}"
EndProject
Project("{FAE04EC0-301F-11D3-BF4B-00C04F79EFBC}") = "PSC.Chartjs.MVC", "PSC.Chartjs.MVC\PSC.Chartjs.MVC.csproj", "{EAA15F85-7762-4CE1-97DC-08B459151C48}"
EndProject
Project("{FAE04EC0-301F-11D3-BF4B-00C04F79EFBC}") = "PSC.Shorturl.Web.Report", "PSC.Shorturl.Web.Report\PSC.Shorturl.Web.Report.csproj", "{45C9E72B-FA35-4310-BE86-F0AFC9E8D63E}"
EndProject
Project("{FAE04EC0-301F-11D3-BF4B-00C04F79EFBC}") = "PSC.Shorturl.Web.IPToCountry", "PSC.ShortUrl.Web.IPToCountry\PSC.Shorturl.Web.IPToCountry.csproj", "{3D8C8A89-F318-4998-9834-CA06D44BED32}"
EndProject
Project("{FAE04EC0-301F-11D3-BF4B-00C04F79EFBC}") = "PSC.QRCoder", "PSC.QRCoder\PSC.QRCoder.csproj", "{6F3557C5-0700-48FA-BD88-E2685698FA32}"
EndProject
Global
	GlobalSection(SolutionConfigurationPlatforms) = preSolution
		Debug|Any CPU = Debug|Any CPU
		Debug-40|Any CPU = Debug-40|Any CPU
		Release|Any CPU = Release|Any CPU
		Release-40|Any CPU = Release-40|Any CPU
	EndGlobalSection
	GlobalSection(ProjectConfigurationPlatforms) = postSolution
		{E59A149E-C578-481B-A0B3-ABF287160565}.Debug|Any CPU.ActiveCfg = Debug|Any CPU
		{E59A149E-C578-481B-A0B3-ABF287160565}.Debug|Any CPU.Build.0 = Debug|Any CPU
		{E59A149E-C578-481B-A0B3-ABF287160565}.Debug-40|Any CPU.ActiveCfg = Debug|Any CPU
		{E59A149E-C578-481B-A0B3-ABF287160565}.Debug-40|Any CPU.Build.0 = Debug|Any CPU
		{E59A149E-C578-481B-A0B3-ABF287160565}.Release|Any CPU.ActiveCfg = Release|Any CPU
		{E59A149E-C578-481B-A0B3-ABF287160565}.Release|Any CPU.Build.0 = Release|Any CPU
		{E59A149E-C578-481B-A0B3-ABF287160565}.Release-40|Any CPU.ActiveCfg = Release|Any CPU
		{E59A149E-C578-481B-A0B3-ABF287160565}.Release-40|Any CPU.Build.0 = Release|Any CPU
		{837EE8E8-936B-41C5-A4FC-2CA3EC0F23DD}.Debug|Any CPU.ActiveCfg = Debug|Any CPU
		{837EE8E8-936B-41C5-A4FC-2CA3EC0F23DD}.Debug|Any CPU.Build.0 = Debug|Any CPU
		{837EE8E8-936B-41C5-A4FC-2CA3EC0F23DD}.Debug-40|Any CPU.ActiveCfg = Debug|Any CPU
		{837EE8E8-936B-41C5-A4FC-2CA3EC0F23DD}.Debug-40|Any CPU.Build.0 = Debug|Any CPU
		{837EE8E8-936B-41C5-A4FC-2CA3EC0F23DD}.Release|Any CPU.ActiveCfg = Release|Any CPU
		{837EE8E8-936B-41C5-A4FC-2CA3EC0F23DD}.Release|Any CPU.Build.0 = Release|Any CPU
		{837EE8E8-936B-41C5-A4FC-2CA3EC0F23DD}.Release-40|Any CPU.ActiveCfg = Release|Any CPU
		{837EE8E8-936B-41C5-A4FC-2CA3EC0F23DD}.Release-40|Any CPU.Build.0 = Release|Any CPU
		{6511E0A2-1D3A-4FDD-9B7A-B4EDBC66259F}.Debug|Any CPU.ActiveCfg = Debug|Any CPU
		{6511E0A2-1D3A-4FDD-9B7A-B4EDBC66259F}.Debug|Any CPU.Build.0 = Debug|Any CPU
		{6511E0A2-1D3A-4FDD-9B7A-B4EDBC66259F}.Debug-40|Any CPU.ActiveCfg = Debug|Any CPU
		{6511E0A2-1D3A-4FDD-9B7A-B4EDBC66259F}.Debug-40|Any CPU.Build.0 = Debug|Any CPU
		{6511E0A2-1D3A-4FDD-9B7A-B4EDBC66259F}.Release|Any CPU.ActiveCfg = Release|Any CPU
		{6511E0A2-1D3A-4FDD-9B7A-B4EDBC66259F}.Release|Any CPU.Build.0 = Release|Any CPU
		{6511E0A2-1D3A-4FDD-9B7A-B4EDBC66259F}.Release-40|Any CPU.ActiveCfg = Release|Any CPU
		{6511E0A2-1D3A-4FDD-9B7A-B4EDBC66259F}.Release-40|Any CPU.Build.0 = Release|Any CPU
		{7B17EF5E-7D1E-4A93-BC75-A5EC36B58B76}.Debug|Any CPU.ActiveCfg = Debug|Any CPU
		{7B17EF5E-7D1E-4A93-BC75-A5EC36B58B76}.Debug|Any CPU.Build.0 = Debug|Any CPU
		{7B17EF5E-7D1E-4A93-BC75-A5EC36B58B76}.Debug-40|Any CPU.ActiveCfg = Debug|Any CPU
		{7B17EF5E-7D1E-4A93-BC75-A5EC36B58B76}.Debug-40|Any CPU.Build.0 = Debug|Any CPU
		{7B17EF5E-7D1E-4A93-BC75-A5EC36B58B76}.Release|Any CPU.ActiveCfg = Release|Any CPU
		{7B17EF5E-7D1E-4A93-BC75-A5EC36B58B76}.Release|Any CPU.Build.0 = Release|Any CPU
		{7B17EF5E-7D1E-4A93-BC75-A5EC36B58B76}.Release-40|Any CPU.ActiveCfg = Release|Any CPU
		{7B17EF5E-7D1E-4A93-BC75-A5EC36B58B76}.Release-40|Any CPU.Build.0 = Release|Any CPU
		{D134D44C-1167-41D0-A1F2-CD12A10031ED}.Debug|Any CPU.ActiveCfg = Debug|Any CPU
		{D134D44C-1167-41D0-A1F2-CD12A10031ED}.Debug|Any CPU.Build.0 = Debug|Any CPU
		{D134D44C-1167-41D0-A1F2-CD12A10031ED}.Debug-40|Any CPU.ActiveCfg = Debug|Any CPU
		{D134D44C-1167-41D0-A1F2-CD12A10031ED}.Debug-40|Any CPU.Build.0 = Debug|Any CPU
		{D134D44C-1167-41D0-A1F2-CD12A10031ED}.Release|Any CPU.ActiveCfg = Release|Any CPU
		{D134D44C-1167-41D0-A1F2-CD12A10031ED}.Release|Any CPU.Build.0 = Release|Any CPU
		{D134D44C-1167-41D0-A1F2-CD12A10031ED}.Release-40|Any CPU.ActiveCfg = Release|Any CPU
		{D134D44C-1167-41D0-A1F2-CD12A10031ED}.Release-40|Any CPU.Build.0 = Release|Any CPU
		{EAAF94B9-E920-4D0B-A21D-26537DF21EF7}.Debug|Any CPU.ActiveCfg = Debug|Any CPU
		{EAAF94B9-E920-4D0B-A21D-26537DF21EF7}.Debug|Any CPU.Build.0 = Debug|Any CPU
		{EAAF94B9-E920-4D0B-A21D-26537DF21EF7}.Debug-40|Any CPU.ActiveCfg = Debug|Any CPU
		{EAAF94B9-E920-4D0B-A21D-26537DF21EF7}.Debug-40|Any CPU.Build.0 = Debug|Any CPU
		{EAAF94B9-E920-4D0B-A21D-26537DF21EF7}.Release|Any CPU.ActiveCfg = Release|Any CPU
		{EAAF94B9-E920-4D0B-A21D-26537DF21EF7}.Release|Any CPU.Build.0 = Release|Any CPU
		{EAAF94B9-E920-4D0B-A21D-26537DF21EF7}.Release-40|Any CPU.ActiveCfg = Release|Any CPU
		{EAAF94B9-E920-4D0B-A21D-26537DF21EF7}.Release-40|Any CPU.Build.0 = Release|Any CPU
		{D6E82EF2-9659-49BA-8D24-1F73438E2A09}.Debug|Any CPU.ActiveCfg = Debug|Any CPU
		{D6E82EF2-9659-49BA-8D24-1F73438E2A09}.Debug|Any CPU.Build.0 = Debug|Any CPU
		{D6E82EF2-9659-49BA-8D24-1F73438E2A09}.Debug-40|Any CPU.ActiveCfg = Debug|Any CPU
		{D6E82EF2-9659-49BA-8D24-1F73438E2A09}.Debug-40|Any CPU.Build.0 = Debug|Any CPU
		{D6E82EF2-9659-49BA-8D24-1F73438E2A09}.Release|Any CPU.ActiveCfg = Release|Any CPU
		{D6E82EF2-9659-49BA-8D24-1F73438E2A09}.Release|Any CPU.Build.0 = Release|Any CPU
		{D6E82EF2-9659-49BA-8D24-1F73438E2A09}.Release-40|Any CPU.ActiveCfg = Release|Any CPU
		{D6E82EF2-9659-49BA-8D24-1F73438E2A09}.Release-40|Any CPU.Build.0 = Release|Any CPU
		{3679337D-8935-4203-BDA2-4CD2980B6314}.Debug|Any CPU.ActiveCfg = Debug|Any CPU
		{3679337D-8935-4203-BDA2-4CD2980B6314}.Debug|Any CPU.Build.0 = Debug|Any CPU
		{3679337D-8935-4203-BDA2-4CD2980B6314}.Debug-40|Any CPU.ActiveCfg = Debug|Any CPU
		{3679337D-8935-4203-BDA2-4CD2980B6314}.Debug-40|Any CPU.Build.0 = Debug|Any CPU
		{3679337D-8935-4203-BDA2-4CD2980B6314}.Release|Any CPU.ActiveCfg = Release|Any CPU
		{3679337D-8935-4203-BDA2-4CD2980B6314}.Release|Any CPU.Build.0 = Release|Any CPU
		{3679337D-8935-4203-BDA2-4CD2980B6314}.Release-40|Any CPU.ActiveCfg = Release|Any CPU
		{3679337D-8935-4203-BDA2-4CD2980B6314}.Release-40|Any CPU.Build.0 = Release|Any CPU
		{EAA15F85-7762-4CE1-97DC-08B459151C48}.Debug|Any CPU.ActiveCfg = Debug|Any CPU
		{EAA15F85-7762-4CE1-97DC-08B459151C48}.Debug|Any CPU.Build.0 = Debug|Any CPU
		{EAA15F85-7762-4CE1-97DC-08B459151C48}.Debug-40|Any CPU.ActiveCfg = Debug|Any CPU
		{EAA15F85-7762-4CE1-97DC-08B459151C48}.Debug-40|Any CPU.Build.0 = Debug|Any CPU
		{EAA15F85-7762-4CE1-97DC-08B459151C48}.Release|Any CPU.ActiveCfg = Release|Any CPU
		{EAA15F85-7762-4CE1-97DC-08B459151C48}.Release|Any CPU.Build.0 = Release|Any CPU
		{EAA15F85-7762-4CE1-97DC-08B459151C48}.Release-40|Any CPU.ActiveCfg = Release|Any CPU
		{EAA15F85-7762-4CE1-97DC-08B459151C48}.Release-40|Any CPU.Build.0 = Release|Any CPU
		{45C9E72B-FA35-4310-BE86-F0AFC9E8D63E}.Debug|Any CPU.ActiveCfg = Debug|Any CPU
		{45C9E72B-FA35-4310-BE86-F0AFC9E8D63E}.Debug|Any CPU.Build.0 = Debug|Any CPU
		{45C9E72B-FA35-4310-BE86-F0AFC9E8D63E}.Debug-40|Any CPU.ActiveCfg = Debug|Any CPU
		{45C9E72B-FA35-4310-BE86-F0AFC9E8D63E}.Debug-40|Any CPU.Build.0 = Debug|Any CPU
		{45C9E72B-FA35-4310-BE86-F0AFC9E8D63E}.Release|Any CPU.ActiveCfg = Release|Any CPU
		{45C9E72B-FA35-4310-BE86-F0AFC9E8D63E}.Release|Any CPU.Build.0 = Release|Any CPU
		{45C9E72B-FA35-4310-BE86-F0AFC9E8D63E}.Release-40|Any CPU.ActiveCfg = Release|Any CPU
		{45C9E72B-FA35-4310-BE86-F0AFC9E8D63E}.Release-40|Any CPU.Build.0 = Release|Any CPU
		{3D8C8A89-F318-4998-9834-CA06D44BED32}.Debug|Any CPU.ActiveCfg = Debug|Any CPU
		{3D8C8A89-F318-4998-9834-CA06D44BED32}.Debug|Any CPU.Build.0 = Debug|Any CPU
		{3D8C8A89-F318-4998-9834-CA06D44BED32}.Debug-40|Any CPU.ActiveCfg = Debug|Any CPU
		{3D8C8A89-F318-4998-9834-CA06D44BED32}.Debug-40|Any CPU.Build.0 = Debug|Any CPU
		{3D8C8A89-F318-4998-9834-CA06D44BED32}.Release|Any CPU.ActiveCfg = Release|Any CPU
		{3D8C8A89-F318-4998-9834-CA06D44BED32}.Release|Any CPU.Build.0 = Release|Any CPU
		{3D8C8A89-F318-4998-9834-CA06D44BED32}.Release-40|Any CPU.ActiveCfg = Release|Any CPU
		{3D8C8A89-F318-4998-9834-CA06D44BED32}.Release-40|Any CPU.Build.0 = Release|Any CPU
		{6F3557C5-0700-48FA-BD88-E2685698FA32}.Debug|Any CPU.ActiveCfg = Debug|Any CPU
		{6F3557C5-0700-48FA-BD88-E2685698FA32}.Debug|Any CPU.Build.0 = Debug|Any CPU
		{6F3557C5-0700-48FA-BD88-E2685698FA32}.Debug-40|Any CPU.ActiveCfg = Debug|Any CPU
		{6F3557C5-0700-48FA-BD88-E2685698FA32}.Debug-40|Any CPU.Build.0 = Debug|Any CPU
		{6F3557C5-0700-48FA-BD88-E2685698FA32}.Release|Any CPU.ActiveCfg = Release|Any CPU
		{6F3557C5-0700-48FA-BD88-E2685698FA32}.Release|Any CPU.Build.0 = Release|Any CPU
		{6F3557C5-0700-48FA-BD88-E2685698FA32}.Release-40|Any CPU.ActiveCfg = Release|Any CPU
		{6F3557C5-0700-48FA-BD88-E2685698FA32}.Release-40|Any CPU.Build.0 = Release|Any CPU
	EndGlobalSection
	GlobalSection(SolutionProperties) = preSolution
		HideSolutionNode = FALSE
	EndGlobalSection
EndGlobal
